// !$*UTF8*$!
{
	archiveVersion = 1;
	classes = {
	};
	objectVersion = 50;
	objects = {

/* Begin PBXBuildFile section */
		DD1FC6E32459FF2A00F7E881 /* AppDelegate.swift in Sources */ = {isa = PBXBuildFile; fileRef = DD1FC6E22459FF2A00F7E881 /* AppDelegate.swift */; };
		DD1FC6E52459FF2A00F7E881 /* SceneDelegate.swift in Sources */ = {isa = PBXBuildFile; fileRef = DD1FC6E42459FF2A00F7E881 /* SceneDelegate.swift */; };
		DD1FC6E72459FF2A00F7E881 /* CategoryVC.swift in Sources */ = {isa = PBXBuildFile; fileRef = DD1FC6E62459FF2A00F7E881 /* CategoryVC.swift */; };
		DD1FC6EA2459FF2A00F7E881 /* Main.storyboard in Resources */ = {isa = PBXBuildFile; fileRef = DD1FC6E82459FF2A00F7E881 /* Main.storyboard */; };
		DD1FC6EC2459FF2B00F7E881 /* Assets.xcassets in Resources */ = {isa = PBXBuildFile; fileRef = DD1FC6EB2459FF2B00F7E881 /* Assets.xcassets */; };
		DD1FC6EF2459FF2B00F7E881 /* LaunchScreen.storyboard in Resources */ = {isa = PBXBuildFile; fileRef = DD1FC6ED2459FF2B00F7E881 /* LaunchScreen.storyboard */; };
		DD1FC6FA245A06DA00F7E881 /* CategoryCell.swift in Sources */ = {isa = PBXBuildFile; fileRef = DD1FC6F9245A06DA00F7E881 /* CategoryCell.swift */; };
		DD1FC6FF245A09E600F7E881 /* DataService.swift in Sources */ = {isa = PBXBuildFile; fileRef = DD1FC6FE245A09E600F7E881 /* DataService.swift */; };
		DD1FC701245A0B1100F7E881 /* Category.swift in Sources */ = {isa = PBXBuildFile; fileRef = DD1FC700245A0B1100F7E881 /* Category.swift */; };
		DD1FC703245B539100F7E881 /* ProductCell.swift in Sources */ = {isa = PBXBuildFile; fileRef = DD1FC702245B539100F7E881 /* ProductCell.swift */; };
		DD1FC705245B543D00F7E881 /* Product.swift in Sources */ = {isa = PBXBuildFile; fileRef = DD1FC704245B543D00F7E881 /* Product.swift */; };
		DD1FC707245B57DF00F7E881 /* ProductVC.swift in Sources */ = {isa = PBXBuildFile; fileRef = DD1FC706245B57DF00F7E881 /* ProductVC.swift */; };
/* End PBXBuildFile section */

/* Begin PBXFileReference section */
		DD1FC6DF2459FF2A00F7E881 /* coder-swag.app */ = {isa = PBXFileReference; explicitFileType = wrapper.application; includeInIndex = 0; path = "coder-swag.app"; sourceTree = BUILT_PRODUCTS_DIR; };
		DD1FC6E22459FF2A00F7E881 /* AppDelegate.swift */ = {isa = PBXFileReference; lastKnownFileType = sourcecode.swift; path = AppDelegate.swift; sourceTree = "<group>"; };
		DD1FC6E42459FF2A00F7E881 /* SceneDelegate.swift */ = {isa = PBXFileReference; lastKnownFileType = sourcecode.swift; path = SceneDelegate.swift; sourceTree = "<group>"; };
		DD1FC6E62459FF2A00F7E881 /* CategoryVC.swift */ = {isa = PBXFileReference; lastKnownFileType = sourcecode.swift; path = CategoryVC.swift; sourceTree = "<group>"; };
		DD1FC6E92459FF2A00F7E881 /* Base */ = {isa = PBXFileReference; lastKnownFileType = file.storyboard; name = Base; path = Base.lproj/Main.storyboard; sourceTree = "<group>"; };
		DD1FC6EB2459FF2B00F7E881 /* Assets.xcassets */ = {isa = PBXFileReference; lastKnownFileType = folder.assetcatalog; path = Assets.xcassets; sourceTree = "<group>"; };
		DD1FC6EE2459FF2B00F7E881 /* Base */ = {isa = PBXFileReference; lastKnownFileType = file.storyboard; name = Base; path = Base.lproj/LaunchScreen.storyboard; sourceTree = "<group>"; };
		DD1FC6F02459FF2B00F7E881 /* Info.plist */ = {isa = PBXFileReference; lastKnownFileType = text.plist.xml; path = Info.plist; sourceTree = "<group>"; };
		DD1FC6F9245A06DA00F7E881 /* CategoryCell.swift */ = {isa = PBXFileReference; lastKnownFileType = sourcecode.swift; path = CategoryCell.swift; sourceTree = "<group>"; };
		DD1FC6FE245A09E600F7E881 /* DataService.swift */ = {isa = PBXFileReference; lastKnownFileType = sourcecode.swift; path = DataService.swift; sourceTree = "<group>"; };
		DD1FC700245A0B1100F7E881 /* Category.swift */ = {isa = PBXFileReference; lastKnownFileType = sourcecode.swift; path = Category.swift; sourceTree = "<group>"; };
		DD1FC702245B539100F7E881 /* ProductCell.swift */ = {isa = PBXFileReference; lastKnownFileType = sourcecode.swift; path = ProductCell.swift; sourceTree = "<group>"; };
		DD1FC704245B543D00F7E881 /* Product.swift */ = {isa = PBXFileReference; lastKnownFileType = sourcecode.swift; path = Product.swift; sourceTree = "<group>"; };
		DD1FC706245B57DF00F7E881 /* ProductVC.swift */ = {isa = PBXFileReference; lastKnownFileType = sourcecode.swift; path = ProductVC.swift; sourceTree = "<group>"; };
/* End PBXFileReference section */

/* Begin PBXFrameworksBuildPhase section */
		DD1FC6DC2459FF2A00F7E881 /* Frameworks */ = {
			isa = PBXFrameworksBuildPhase;
			buildActionMask = 2147483647;
			files = (
			);
			runOnlyForDeploymentPostprocessing = 0;
		};
/* End PBXFrameworksBuildPhase section */

/* Begin PBXGroup section */
		DD1FC6D62459FF2A00F7E881 = {
			isa = PBXGroup;
			children = (
				DD1FC6E12459FF2A00F7E881 /* coder-swag */,
				DD1FC6E02459FF2A00F7E881 /* Products */,
			);
			sourceTree = "<group>";
		};
		DD1FC6E02459FF2A00F7E881 /* Products */ = {
			isa = PBXGroup;
			children = (
				DD1FC6DF2459FF2A00F7E881 /* coder-swag.app */,
			);
			name = Products;
			sourceTree = "<group>";
		};
		DD1FC6E12459FF2A00F7E881 /* coder-swag */ = {
			isa = PBXGroup;
			children = (
				DD1FC6FB245A09AF00F7E881 /* Service */,
				DD1FC6F82459FF5D00F7E881 /* Model */,
				DD1FC6F72459FF5800F7E881 /* View */,
				DD1FC6F62459FF4D00F7E881 /* Controller */,
				DD1FC6E22459FF2A00F7E881 /* AppDelegate.swift */,
				DD1FC6E42459FF2A00F7E881 /* SceneDelegate.swift */,
				DD1FC6E82459FF2A00F7E881 /* Main.storyboard */,
				DD1FC6EB2459FF2B00F7E881 /* Assets.xcassets */,
				DD1FC6ED2459FF2B00F7E881 /* LaunchScreen.storyboard */,
				DD1FC6F02459FF2B00F7E881 /* Info.plist */,
			);
			path = "coder-swag";
			sourceTree = "<group>";
		};
		DD1FC6F62459FF4D00F7E881 /* Controller */ = {
			isa = PBXGroup;
			children = (
				DD1FC6E62459FF2A00F7E881 /* CategoryVC.swift */,
				DD1FC706245B57DF00F7E881 /* ProductVC.swift */,
			);
			path = Controller;
			sourceTree = "<group>";
		};
		DD1FC6F72459FF5800F7E881 /* View */ = {
			isa = PBXGroup;
			children = (
				DD1FC6F9245A06DA00F7E881 /* CategoryCell.swift */,
				DD1FC702245B539100F7E881 /* ProductCell.swift */,
			);
			path = View;
			sourceTree = "<group>";
		};
		DD1FC6F82459FF5D00F7E881 /* Model */ = {
			isa = PBXGroup;
			children = (
				DD1FC700245A0B1100F7E881 /* Category.swift */,
				DD1FC704245B543D00F7E881 /* Product.swift */,
			);
			path = Model;
			sourceTree = "<group>";
		};
		DD1FC6FB245A09AF00F7E881 /* Service */ = {
			isa = PBXGroup;
			children = (
				DD1FC6FE245A09E600F7E881 /* DataService.swift */,
			);
			path = Service;
			sourceTree = "<group>";
		};
/* End PBXGroup section */

/* Begin PBXNativeTarget section */
		DD1FC6DE2459FF2A00F7E881 /* coder-swag */ = {
			isa = PBXNativeTarget;
			buildConfigurationList = DD1FC6F32459FF2B00F7E881 /* Build configuration list for PBXNativeTarget "coder-swag" */;
			buildPhases = (
				DD1FC6DB2459FF2A00F7E881 /* Sources */,
				DD1FC6DC2459FF2A00F7E881 /* Frameworks */,
				DD1FC6DD2459FF2A00F7E881 /* Resources */,
			);
			buildRules = (
			);
			dependencies = (
			);
			name = "coder-swag";
			productName = "coder-swag";
			productReference = DD1FC6DF2459FF2A00F7E881 /* coder-swag.app */;
			productType = "com.apple.product-type.application";
		};
/* End PBXNativeTarget section */

/* Begin PBXProject section */
		DD1FC6D72459FF2A00F7E881 /* Project object */ = {
			isa = PBXProject;
			attributes = {
				LastSwiftUpdateCheck = 1140;
				LastUpgradeCheck = 1140;
				ORGANIZATIONNAME = "faisal badran";
				TargetAttributes = {
					DD1FC6DE2459FF2A00F7E881 = {
						CreatedOnToolsVersion = 11.4.1;
					};
				};
			};
			buildConfigurationList = DD1FC6DA2459FF2A00F7E881 /* Build configuration list for PBXProject "coder-swag" */;
			compatibilityVersion = "Xcode 9.3";
			developmentRegion = en;
			hasScannedForEncodings = 0;
			knownRegions = (
				en,
				Base,
			);
			mainGroup = DD1FC6D62459FF2A00F7E881;
			productRefGroup = DD1FC6E02459FF2A00F7E881 /* Products */;
			projectDirPath = "";
			projectRoot = "";
			targets = (
				DD1FC6DE2459FF2A00F7E881 /* coder-swag */,
			);
		};
/* End PBXProject section */

/* Begin PBXResourcesBuildPhase section */
		DD1FC6DD2459FF2A00F7E881 /* Resources */ = {
			isa = PBXResourcesBuildPhase;
			buildActionMask = 2147483647;
			files = (
				DD1FC6EF2459FF2B00F7E881 /* LaunchScreen.storyboard in Resources */,
				DD1FC6EC2459FF2B00F7E881 /* Assets.xcassets in Resources */,
				DD1FC6EA2459FF2A00F7E881 /* Main.storyboard in Resources */,
			);
			runOnlyForDeploymentPostprocessing = 0;
		};
/* End PBXResourcesBuildPhase section */

/* Begin PBXSourcesBuildPhase section */
		DD1FC6DB2459FF2A00F7E881 /* Sources */ = {
			isa = PBXSourcesBuildPhase;
			buildActionMask = 2147483647;
			files = (
				DD1FC6E72459FF2A00F7E881 /* CategoryVC.swift in Sources */,
				DD1FC705245B543D00F7E881 /* Product.swift in Sources */,
				DD1FC6E32459FF2A00F7E881 /* AppDelegate.swift in Sources */,
				DD1FC6E52459FF2A00F7E881 /* SceneDelegate.swift in Sources */,
				DD1FC6FA245A06DA00F7E881 /* CategoryCell.swift in Sources */,
				DD1FC6FF245A09E600F7E881 /* DataService.swift in Sources */,
				DD1FC707245B57DF00F7E881 /* ProductVC.swift in Sources */,
				DD1FC703245B539100F7E881 /* ProductCell.swift in Sources */,
				DD1FC701245A0B1100F7E881 /* Category.swift in Sources */,
			);
			runOnlyForDeploymentPostprocessing = 0;
		};
/* End PBXSourcesBuildPhase section */

/* Begin PBXVariantGroup section */
		DD1FC6E82459FF2A00F7E881 /* Main.storyboard */ = {
			isa = PBXVariantGroup;
			children = (
				DD1FC6E92459FF2A00F7E881 /* Base */,
			);
			name = Main.storyboard;
			sourceTree = "<group>";
		};
		DD1FC6ED2459FF2B00F7E881 /* LaunchScreen.storyboard */ = {
			isa = PBXVariantGroup;
			children = (
				DD1FC6EE2459FF2B00F7E881 /* Base */,
			);
			name = LaunchScreen.storyboard;
			sourceTree = "<group>";
		};
/* End PBXVariantGroup section */

/* Begin XCBuildConfiguration section */
		DD1FC6F12459FF2B00F7E881 /* Debug */ = {
			isa = XCBuildConfiguration;
			buildSettings = {
				ALWAYS_SEARCH_USER_PATHS = NO;
				CLANG_ANALYZER_NONNULL = YES;
				CLANG_ANALYZER_NUMBER_OBJECT_CONVERSION = YES_AGGRESSIVE;
				CLANG_CXX_LANGUAGE_STANDARD = "gnu++14";
				CLANG_CXX_LIBRARY = "libc++";
				CLANG_ENABLE_MODULES = YES;
				CLANG_ENABLE_OBJC_ARC = YES;
				CLANG_ENABLE_OBJC_WEAK = YES;
				CLANG_WARN_BLOCK_CAPTURE_AUTORELEASING = YES;
				CLANG_WARN_BOOL_CONVERSION = YES;
				CLANG_WARN_COMMA = YES;
				CLANG_WARN_CONSTANT_CONVERSION = YES;
				CLANG_WARN_DEPRECATED_OBJC_IMPLEMENTATIONS = YES;
				CLANG_WARN_DIRECT_OBJC_ISA_USAGE = YES_ERROR;
				CLANG_WARN_DOCUMENTATION_COMMENTS = YES;
				CLANG_WARN_EMPTY_BODY = YES;
				CLANG_WARN_ENUM_CONVERSION = YES;
				CLANG_WARN_INFINITE_RECURSION = YES;
				CLANG_WARN_INT_CONVERSION = YES;
				CLANG_WARN_NON_LITERAL_NULL_CONVERSION = YES;
				CLANG_WARN_OBJC_IMPLICIT_RETAIN_SELF = YES;
				CLANG_WARN_OBJC_LITERAL_CONVERSION = YES;
				CLANG_WARN_OBJC_ROOT_CLASS = YES_ERROR;
				CLANG_WARN_RANGE_LOOP_ANALYSIS = YES;
				CLANG_WARN_STRICT_PROTOTYPES = YES;
				CLANG_WARN_SUSPICIOUS_MOVE = YES;
				CLANG_WARN_UNGUARDED_AVAILABILITY = YES_AGGRESSIVE;
				CLANG_WARN_UNREACHABLE_CODE = YES;
				CLANG_WARN__DUPLICATE_METHOD_MATCH = YES;
				COPY_PHASE_STRIP = NO;
				DEBUG_INFORMATION_FORMAT = dwarf;
				ENABLE_STRICT_OBJC_MSGSEND = YES;
				ENABLE_TESTABILITY = YES;
				GCC_C_LANGUAGE_STANDARD = gnu11;
				GCC_DYNAMIC_NO_PIC = NO;
				GCC_NO_COMMON_BLOCKS = YES;
				GCC_OPTIMIZATION_LEVEL = 0;
				GCC_PREPROCESSOR_DEFINITIONS = (
					"DEBUG=1",
					"$(inherited)",
				);
				GCC_WARN_64_TO_32_BIT_CONVERSION = YES;
				GCC_WARN_ABOUT_RETURN_TYPE = YES_ERROR;
				GCC_WARN_UNDECLARED_SELECTOR = YES;
				GCC_WARN_UNINITIALIZED_AUTOS = YES_AGGRESSIVE;
				GCC_WARN_UNUSED_FUNCTION = YES;
				GCC_WARN_UNUSED_VARIABLE = YES;
				IPHONEOS_DEPLOYMENT_TARGET = 13.4;
				MTL_ENABLE_DEBUG_INFO = INCLUDE_SOURCE;
				MTL_FAST_MATH = YES;
				ONLY_ACTIVE_ARCH = YES;
				SDKROOT = iphoneos;
				SWIFT_ACTIVE_COMPILATION_CONDITIONS = DEBUG;
				SWIFT_OPTIMIZATION_LEVEL = "-Onone";
			};
			name = Debug;
		};
		DD1FC6F22459FF2B00F7E881 /* Release */ = {
			isa = XCBuildConfiguration;
			buildSettings = {
				ALWAYS_SEARCH_USER_PATHS = NO;
				CLANG_ANALYZER_NONNULL = YES;
				CLANG_ANALYZER_NUMBER_OBJECT_CONVERSION = YES_AGGRESSIVE;
				CLANG_CXX_LANGUAGE_STANDARD = "gnu++14";
				CLANG_CXX_LIBRARY = "libc++";
				CLANG_ENABLE_MODULES = YES;
				CLANG_ENABLE_OBJC_ARC = YES;
				CLANG_ENABLE_OBJC_WEAK = YES;
				CLANG_WARN_BLOCK_CAPTURE_AUTORELEASING = YES;
				CLANG_WARN_BOOL_CONVERSION = YES;
				CLANG_WARN_COMMA = YES;
				CLANG_WARN_CONSTANT_CONVERSION = YES;
				CLANG_WARN_DEPRECATED_OBJC_IMPLEMENTATIONS = YES;
				CLANG_WARN_DIRECT_OBJC_ISA_USAGE = YES_ERROR;
				CLANG_WARN_DOCUMENTATION_COMMENTS = YES;
				CLANG_WARN_EMPTY_BODY = YES;
				CLANG_WARN_ENUM_CONVERSION = YES;
				CLANG_WARN_INFINITE_RECURSION = YES;
				CLANG_WARN_INT_CONVERSION = YES;
				CLANG_WARN_NON_LITERAL_NULL_CONVERSION = YES;
				CLANG_WARN_OBJC_IMPLICIT_RETAIN_SELF = YES;
				CLANG_WARN_OBJC_LITERAL_CONVERSION = YES;
				CLANG_WARN_OBJC_ROOT_CLASS = YES_ERROR;
				CLANG_WARN_RANGE_LOOP_ANALYSIS = YES;
				CLANG_WARN_STRICT_PROTOTYPES = YES;
				CLANG_WARN_SUSPICIOUS_MOVE = YES;
				CLANG_WARN_UNGUARDED_AVAILABILITY = YES_AGGRESSIVE;
				CLANG_WARN_UNREACHABLE_CODE = YES;
				CLANG_WARN__DUPLICATE_METHOD_MATCH = YES;
				COPY_PHASE_STRIP = NO;
				DEBUG_INFORMATION_FORMAT = "dwarf-with-dsym";
				ENABLE_NS_ASSERTIONS = NO;
				ENABLE_STRICT_OBJC_MSGSEND = YES;
				GCC_C_LANGUAGE_STANDARD = gnu11;
				GCC_NO_COMMON_BLOCKS = YES;
				GCC_WARN_64_TO_32_BIT_CONVERSION = YES;
				GCC_WARN_ABOUT_RETURN_TYPE = YES_ERROR;
				GCC_WARN_UNDECLARED_SELECTOR = YES;
				GCC_WARN_UNINITIALIZED_AUTOS = YES_AGGRESSIVE;
				GCC_WARN_UNUSED_FUNCTION = YES;
				GCC_WARN_UNUSED_VARIABLE = YES;
				IPHONEOS_DEPLOYMENT_TARGET = 13.4;
				MTL_ENABLE_DEBUG_INFO = NO;
				MTL_FAST_MATH = YES;
				SDKROOT = iphoneos;
				SWIFT_COMPILATION_MODE = wholemodule;
				SWIFT_OPTIMIZATION_LEVEL = "-O";
				VALIDATE_PRODUCT = YES;
			};
			name = Release;
		};
		DD1FC6F42459FF2B00F7E881 /* Debug */ = {
			isa = XCBuildConfiguration;
			buildSettings = {
				ASSETCATALOG_COMPILER_APPICON_NAME = AppIcon;
				CODE_SIGN_STYLE = Automatic;
				DEVELOPMENT_TEAM = 4P9825CF5S;
				INFOPLIST_FILE = "coder-swag/Info.plist";
				LD_RUNPATH_SEARCH_PATHS = (
					"$(inherited)",
					"@executable_path/Frameworks",
				);
				PRODUCT_BUNDLE_IDENTIFIER = "com.faisal.coder-swag";
				PRODUCT_NAME = "$(TARGET_NAME)";
				SWIFT_VERSION = 5.0;
				TARGETED_DEVICE_FAMILY = "1,2";
			};
			name = Debug;
		};
		DD1FC6F52459FF2B00F7E881 /* Release */ = {
			isa = XCBuildConfiguration;
			buildSettings = {
				ASSETCATALOG_COMPILER_APPICON_NAME = AppIcon;
				CODE_SIGN_STYLE = Automatic;
				DEVELOPMENT_TEAM = 4P9825CF5S;
				INFOPLIST_FILE = "coder-swag/Info.plist";
				LD_RUNPATH_SEARCH_PATHS = (
					"$(inherited)",
					"@executable_path/Frameworks",
				);
				PRODUCT_BUNDLE_IDENTIFIER = "com.faisal.coder-swag";
				PRODUCT_NAME = "$(TARGET_NAME)";
				SWIFT_VERSION = 5.0;
				TARGETED_DEVICE_FAMILY = "1,2";
			};
			name = Release;
		};
/* End XCBuildConfiguration section */

/* Begin XCConfigurationList section */
		DD1FC6DA2459FF2A00F7E881 /* Build configuration list for PBXProject "coder-swag" */ = {
			isa = XCConfigurationList;
			buildConfigurations = (
				DD1FC6F12459FF2B00F7E881 /* Debug */,
				DD1FC6F22459FF2B00F7E881 /* Release */,
			);
			defaultConfigurationIsVisible = 0;
			defaultConfigurationName = Release;
		};
		DD1FC6F32459FF2B00F7E881 /* Build configuration list for PBXNativeTarget "coder-swag" */ = {
			isa = XCConfigurationList;
			buildConfigurations = (
				DD1FC6F42459FF2B00F7E881 /* Debug */,
				DD1FC6F52459FF2B00F7E881 /* Release */,
			);
			defaultConfigurationIsVisible = 0;
			defaultConfigurationName = Release;
		};
/* End XCConfigurationList section */
	};
	rootObject = DD1FC6D72459FF2A00F7E881 /* Project object */;
}
